
Microsoft Visual Studio Solution File, Format Version 12.00
# Visual Studio 15
VisualStudioVersion = 15.0.27130.2010
MinimumVisualStudioVersion = 10.0.40219.1
Project("{FAE04EC0-301F-11D3-BF4B-00C04F79EFBC}") = "Avenue Fashion", "Avenue Fashion\Avenue Fashion.csproj", "{CAFC189A-0456-4536-A5D9-1B9ADC7226F8}"
EndProject
Global
	GlobalSection(SolutionConfigurationPlatforms) = preSolution
		Debug|Any CPU = Debug|Any CPU
		Release|Any CPU = Release|Any CPU
	EndGlobalSection
	GlobalSection(ProjectConfigurationPlatforms) = postSolution
		{CAFC189A-0456-4536-A5D9-1B9ADC7226F8}.Debug|Any CPU.ActiveCfg = Debug|Any CPU
		{CAFC189A-0456-4536-A5D9-1B9ADC7226F8}.Debug|Any CPU.Build.0 = Debug|Any CPU
		{CAFC189A-0456-4536-A5D9-1B9ADC7226F8}.Release|Any CPU.ActiveCfg = Release|Any CPU
		{CAFC189A-0456-4536-A5D9-1B9ADC7226F8}.Release|Any CPU.Build.0 = Release|Any CPU
	EndGlobalSection
	GlobalSection(SolutionProperties) = preSolution
		HideSolutionNode = FALSE
	EndGlobalSection
	GlobalSection(ExtensibilityGlobals) = postSolution
		SolutionGuid = {15CCF5FE-B342-4461-82FE-450EF46166AF}
	EndGlobalSection
EndGlobal
